schema: '2.0'
stages:
  preprocess:
    cmd: python3 src/preprocess.py
    deps:
    - path: data/Reviews.csv
      hash: md5
      md5: c3c950ae0be8b0736477c89d052d33fd
      size: 300904694
    - path: src/preprocess.py
      hash: md5
      md5: 7fef3dc82f5066850c90694024bc7859
      size: 837
    outs:
    - path: data/processed.csv
      hash: md5
      md5: 613772b95bb1e3f4ddf2d538b5e71c2a
      size: 449256088
  train:
    cmd: python3 src/train.py
    deps:
    - path: data/processed.csv
      hash: md5
      md5: 613772b95bb1e3f4ddf2d538b5e71c2a
      size: 449256088
    - path: src/train.py
      hash: md5
      md5: ce5bb290aa393e7ba35868631e931bd6
      size: 1243
    outs:
    - path: models/model.pkl
      hash: md5
      md5: 4a77f00474d90dcaf37474872e22b565
      size: 40863
    - path: models/vectorizer.pkl
      hash: md5
      md5: 39da2e79ba9d6d78dabb7d8b33c982ae
      size: 182872
